
Microsoft Visual Studio Solution File, Format Version 12.00
# Visual Studio Version 17
VisualStudioVersion = 17.0.31903.59
MinimumVisualStudioVersion = 10.0.40219.1
Project("{2150E333-8FDC-42A3-9474-1A3956D46DE8}") = "src", "src", "{FB393867-1D5A-4DFF-89EE-56802AFD74BC}"
EndProject
Project("{FAE04EC0-301F-11D3-BF4B-00C04F79EFBC}") = "AudioHQ.Core", "src\AudioHQ.Core\AudioHQ.Core.csproj", "{61B07B18-3C1D-4CDA-BA7B-E5B49DB1BEB9}"
EndProject
Project("{FAE04EC0-301F-11D3-BF4B-00C04F79EFBC}") = "AudioHQ.Cli", "src\AudioHQ.Cli\AudioHQ.Cli.csproj", "{1093FCBD-28D2-46F0-B48F-C85B2CE78F29}"
EndProject
Project("{FAE04EC0-301F-11D3-BF4B-00C04F79EFBC}") = "AudioHQ.App", "src\AudioHQ.App\AudioHQ.App.csproj", "{8C0B3A7A-55DD-41FB-B3C0-A28EDD3E8899}"
EndProject
Global
	GlobalSection(SolutionConfigurationPlatforms) = preSolution
		Debug|Any CPU = Debug|Any CPU
		Release|Any CPU = Release|Any CPU
	EndGlobalSection
	GlobalSection(SolutionProperties) = preSolution
		HideSolutionNode = FALSE
	EndGlobalSection
	GlobalSection(ProjectConfigurationPlatforms) = postSolution
		{61B07B18-3C1D-4CDA-BA7B-E5B49DB1BEB9}.Debug|Any CPU.ActiveCfg = Debug|Any CPU
		{61B07B18-3C1D-4CDA-BA7B-E5B49DB1BEB9}.Debug|Any CPU.Build.0 = Debug|Any CPU
		{61B07B18-3C1D-4CDA-BA7B-E5B49DB1BEB9}.Release|Any CPU.ActiveCfg = Release|Any CPU
		{61B07B18-3C1D-4CDA-BA7B-E5B49DB1BEB9}.Release|Any CPU.Build.0 = Release|Any CPU
		{1093FCBD-28D2-46F0-B48F-C85B2CE78F29}.Debug|Any CPU.ActiveCfg = Debug|Any CPU
		{1093FCBD-28D2-46F0-B48F-C85B2CE78F29}.Debug|Any CPU.Build.0 = Debug|Any CPU
		{1093FCBD-28D2-46F0-B48F-C85B2CE78F29}.Release|Any CPU.ActiveCfg = Release|Any CPU
		{1093FCBD-28D2-46F0-B48F-C85B2CE78F29}.Release|Any CPU.Build.0 = Release|Any CPU
		{8C0B3A7A-55DD-41FB-B3C0-A28EDD3E8899}.Debug|Any CPU.ActiveCfg = Debug|Any CPU
		{8C0B3A7A-55DD-41FB-B3C0-A28EDD3E8899}.Debug|Any CPU.Build.0 = Debug|Any CPU
		{8C0B3A7A-55DD-41FB-B3C0-A28EDD3E8899}.Release|Any CPU.ActiveCfg = Release|Any CPU
		{8C0B3A7A-55DD-41FB-B3C0-A28EDD3E8899}.Release|Any CPU.Build.0 = Release|Any CPU
	EndGlobalSection
	GlobalSection(NestedProjects) = preSolution
		{61B07B18-3C1D-4CDA-BA7B-E5B49DB1BEB9} = {FB393867-1D5A-4DFF-89EE-56802AFD74BC}
		{1093FCBD-28D2-46F0-B48F-C85B2CE78F29} = {FB393867-1D5A-4DFF-89EE-56802AFD74BC}
		{8C0B3A7A-55DD-41FB-B3C0-A28EDD3E8899} = {FB393867-1D5A-4DFF-89EE-56802AFD74BC}
	EndGlobalSection
EndGlobal
